
Microsoft Visual Studio Solution File, Format Version 12.00
Project("{FAE04EC0-301F-11D3-BF4B-00C04F79EFBC}") = "IronCore", "IronCore.csproj", "{B1512BF6-465C-4DBD-A8BF-1D3033D05C53}"
EndProject
Global
	GlobalSection(SolutionConfigurationPlatforms) = preSolution
		Debug|Any CPU = Debug|Any CPU
		Release|Any CPU = Release|Any CPU
	EndGlobalSection
	GlobalSection(ProjectConfigurationPlatforms) = postSolution
		{B1512BF6-465C-4DBD-A8BF-1D3033D05C53}.Debug|Any CPU.ActiveCfg = Debug|Any CPU
		{B1512BF6-465C-4DBD-A8BF-1D3033D05C53}.Debug|Any CPU.Build.0 = Debug|Any CPU
		{B1512BF6-465C-4DBD-A8BF-1D3033D05C53}.Release|Any CPU.ActiveCfg = Release|Any CPU
		{B1512BF6-465C-4DBD-A8BF-1D3033D05C53}.Release|Any CPU.Build.0 = Release|Any CPU
	EndGlobalSection
EndGlobal
